<?xml version="1.0" encoding="utf-8"?>
<Project ToolsVersion="4.0" xmlns="http://schemas.microsoft.com/developer/msbuild/2003">
  <ItemGroup>
    <Filter Include="源文件">
      <UniqueIdentifier>{4FC737F1-C7A5-4376-A066-2A32D752A2FF}</UniqueIdentifier>
      <Extensions>cpp;c;cc;cxx;def;odl;idl;hpj;bat;asm;asmx</Extensions>
    </Filter>
    <Filter Include="头文件">
      <UniqueIdentifier>{93995380-89BD-4b04-88EB-625FBE52EBFB}</UniqueIdentifier>
      <Extensions>h;hh;hpp;hxx;hm;inl;inc;xsd</Extensions>
    </Filter>
    <Filter Include="资源文件">
      <UniqueIdentifier>{67DA6AB6-F800-4c08-8B7A-83BB121AAD01}</UniqueIdentifier>
      <Extensions>rc;ico;cur;bmp;dlg;rc2;rct;bin;rgs;gif;jpg;jpeg;jpe;resx;tiff;tif;png;wav;mfcribbon-ms</Extensions>
    </Filter>
    <Filter Include="IO">
      <UniqueIdentifier>{1328aa7a-a5e9-4de0-9c6d-f1662b01cd0d}</UniqueIdentifier>
    </Filter>
    <Filter Include="VisualHull">
      <UniqueIdentifier>{b3a06032-1592-45d6-809a-a8bafd800021}</UniqueIdentifier>
    </Filter>
    <Filter Include="glViewer">
      <UniqueIdentifier>{ab620153-c4a7-4eab-88d9-2321ff00835e}</UniqueIdentifier>
    </Filter>
  </ItemGroup>
  <ItemGroup>
    <ClCompile Include="main.cpp">
      <Filter>源文件</Filter>
    </ClCompile>
    <ClCompile Include="LoadData.cpp">
      <Filter>IO</Filter>
    </ClCompile>
    <ClCompile Include="LoadImage.cpp">
      <Filter>IO</Filter>
    </ClCompile>
    <ClCompile Include="LoadProjectMatrix.cpp">
      <Filter>IO</Filter>
    </ClCompile>
    <ClCompile Include="ShapefromSilhouettes.cpp">
      <Filter>VisualHull</Filter>
    </ClCompile>
    <ClCompile Include="DataViewer.cpp">
      <Filter>glViewer</Filter>
    </ClCompile>
    <ClCompile Include="PointCloud.cpp">
      <Filter>glViewer</Filter>
    </ClCompile>
    <ClCompile Include="BoundingBox.cpp">
      <Filter>glViewer</Filter>
    </ClCompile>
    <ClCompile Include="GraphicObj.cpp">
      <Filter>glViewer</Filter>
    </ClCompile>
    <ClCompile Include="SceneManager.cpp">
      <Filter>glViewer</Filter>
    </ClCompile>
  </ItemGroup>
  <ItemGroup>
    <ClInclude Include="LoadData.h">
      <Filter>IO</Filter>
    </ClInclude>
    <ClInclude Include="LoadImage.h">
      <Filter>IO</Filter>
    </ClInclude>
    <ClInclude Include="LoadProjectMatrix.h">
      <Filter>IO</Filter>
    </ClInclude>
    <ClInclude Include="ShapefromSilhouettes.h">
      <Filter>VisualHull</Filter>
    </ClInclude>
    <ClInclude Include="DataViewer.h">
      <Filter>glViewer</Filter>
    </ClInclude>
    <ClInclude Include="PointCloud.h">
      <Filter>glViewer</Filter>
    </ClInclude>
    <ClInclude Include="BoundingBox.h">
      <Filter>glViewer</Filter>
    </ClInclude>
    <ClInclude Include="GraphicObj.h">
      <Filter>glViewer</Filter>
    </ClInclude>
    <ClInclude Include="SceneManager.h">
      <Filter>glViewer</Filter>
    </ClInclude>
  </ItemGroup>
</Project>